Microsoft Visual Studio Solution File, Format Version 12.00
# Visual Studio Version 17
VisualStudioVersion = 17.0.31611.283
MinimumVisualStudioVersion = 10.0.40219.1
Project("{9A19103F-16F7-4668-BE54-9A1E7A4F7556}") = "Networking", "Networking\Networking.csproj", "{46A1B210-D899-456A-A676-00A2F4C723FD}"
EndProject
Project("{9A19103F-16F7-4668-BE54-9A1E7A4F7556}") = "Parser", "Parser\Parser.csproj", "{711C61FD-1836-41A6-9799-40EA7C67606D}"
EndProject
Project("{9A19103F-16F7-4668-BE54-9A1E7A4F7556}") = "Test", "Test\Test.csproj", "{165D5E0B-30FC-4FA3-9EF6-49238020F1A2}"
EndProject
Project("{9A19103F-16F7-4668-BE54-9A1E7A4F7556}") = "Cryssage", "Cryssage\Cryssage.csproj", "{31D16C74-8E89-47E4-B888-7E31B32CFD9A}"
EndProject
Global
	GlobalSection(SolutionConfigurationPlatforms) = preSolution
		Debug|Any CPU = Debug|Any CPU
		Release|Any CPU = Release|Any CPU
	EndGlobalSection
	GlobalSection(ProjectConfigurationPlatforms) = postSolution
		{46A1B210-D899-456A-A676-00A2F4C723FD}.Debug|Any CPU.ActiveCfg = Debug|Any CPU
		{46A1B210-D899-456A-A676-00A2F4C723FD}.Debug|Any CPU.Build.0 = Debug|Any CPU
		{46A1B210-D899-456A-A676-00A2F4C723FD}.Release|Any CPU.ActiveCfg = Release|Any CPU
		{46A1B210-D899-456A-A676-00A2F4C723FD}.Release|Any CPU.Build.0 = Release|Any CPU
		{711C61FD-1836-41A6-9799-40EA7C67606D}.Debug|Any CPU.ActiveCfg = Debug|Any CPU
		{711C61FD-1836-41A6-9799-40EA7C67606D}.Debug|Any CPU.Build.0 = Debug|Any CPU
		{711C61FD-1836-41A6-9799-40EA7C67606D}.Release|Any CPU.ActiveCfg = Release|Any CPU
		{711C61FD-1836-41A6-9799-40EA7C67606D}.Release|Any CPU.Build.0 = Release|Any CPU
		{165D5E0B-30FC-4FA3-9EF6-49238020F1A2}.Debug|Any CPU.ActiveCfg = Debug|Any CPU
		{165D5E0B-30FC-4FA3-9EF6-49238020F1A2}.Debug|Any CPU.Build.0 = Debug|Any CPU
		{165D5E0B-30FC-4FA3-9EF6-49238020F1A2}.Release|Any CPU.ActiveCfg = Release|Any CPU
		{165D5E0B-30FC-4FA3-9EF6-49238020F1A2}.Release|Any CPU.Build.0 = Release|Any CPU
		{31D16C74-8E89-47E4-B888-7E31B32CFD9A}.Debug|Any CPU.ActiveCfg = Debug|Any CPU
		{31D16C74-8E89-47E4-B888-7E31B32CFD9A}.Debug|Any CPU.Build.0 = Debug|Any CPU
		{31D16C74-8E89-47E4-B888-7E31B32CFD9A}.Debug|Any CPU.Deploy.0 = Debug|Any CPU
		{31D16C74-8E89-47E4-B888-7E31B32CFD9A}.Release|Any CPU.ActiveCfg = Release|Any CPU
		{31D16C74-8E89-47E4-B888-7E31B32CFD9A}.Release|Any CPU.Build.0 = Release|Any CPU
		{31D16C74-8E89-47E4-B888-7E31B32CFD9A}.Release|Any CPU.Deploy.0 = Release|Any CPU
	EndGlobalSection
	GlobalSection(SolutionProperties) = preSolution
		HideSolutionNode = FALSE
	EndGlobalSection
	GlobalSection(ExtensibilityGlobals) = postSolution
		        SolutionGuid = {61F7FB11-1E47-470C-91E2-47F8143E1572}
		SolutionGuid = {B794EA2A-8B8E-414F-83F5-7022352AD4CD}
	EndGlobalSection
EndGlobal
